// !$*UTF8*$!
{
	archiveVersion = 1;
	classes = {
	};
	objectVersion = 48;
	objects = {

/* Begin PBXBuildFile section */
		A4580E9B1FEAE30100D97741 /* AppDelegate.swift in Sources */ = {isa = PBXBuildFile; fileRef = A4580E9A1FEAE30100D97741 /* AppDelegate.swift */; };
		A4580E9D1FEAE30100D97741 /* ViewController.swift in Sources */ = {isa = PBXBuildFile; fileRef = A4580E9C1FEAE30100D97741 /* ViewController.swift */; };
		A4580EA01FEAE30100D97741 /* Main.storyboard in Resources */ = {isa = PBXBuildFile; fileRef = A4580E9E1FEAE30100D97741 /* Main.storyboard */; };
		A4580EA21FEAE30100D97741 /* Assets.xcassets in Resources */ = {isa = PBXBuildFile; fileRef = A4580EA11FEAE30100D97741 /* Assets.xcassets */; };
		A4580EA51FEAE30100D97741 /* LaunchScreen.storyboard in Resources */ = {isa = PBXBuildFile; fileRef = A4580EA31FEAE30100D97741 /* LaunchScreen.storyboard */; };
/* End PBXBuildFile section */

/* Begin PBXFileReference section */
		A4580E971FEAE30100D97741 /* Emoji Dictonary.app */ = {isa = PBXFileReference; explicitFileType = wrapper.application; includeInIndex = 0; path = "Emoji Dictonary.app"; sourceTree = BUILT_PRODUCTS_DIR; };
		A4580E9A1FEAE30100D97741 /* AppDelegate.swift */ = {isa = PBXFileReference; lastKnownFileType = sourcecode.swift; path = AppDelegate.swift; sourceTree = "<group>"; };
		A4580E9C1FEAE30100D97741 /* ViewController.swift */ = {isa = PBXFileReference; lastKnownFileType = sourcecode.swift; path = ViewController.swift; sourceTree = "<group>"; };
		A4580E9F1FEAE30100D97741 /* Base */ = {isa = PBXFileReference; lastKnownFileType = file.storyboard; name = Base; path = Base.lproj/Main.storyboard; sourceTree = "<group>"; };
		A4580EA11FEAE30100D97741 /* Assets.xcassets */ = {isa = PBXFileReference; lastKnownFileType = folder.assetcatalog; path = Assets.xcassets; sourceTree = "<group>"; };
		A4580EA41FEAE30100D97741 /* Base */ = {isa = PBXFileReference; lastKnownFileType = file.storyboard; name = Base; path = Base.lproj/LaunchScreen.storyboard; sourceTree = "<group>"; };
		A4580EA61FEAE30100D97741 /* Info.plist */ = {isa = PBXFileReference; lastKnownFileType = text.plist.xml; path = Info.plist; sourceTree = "<group>"; };
/* End PBXFileReference section */

/* Begin PBXFrameworksBuildPhase section */
		A4580E941FEAE30100D97741 /* Frameworks */ = {
			isa = PBXFrameworksBuildPhase;
			buildActionMask = 2147483647;
			files = (
			);
			runOnlyForDeploymentPostprocessing = 0;
		};
/* End PBXFrameworksBuildPhase section */

/* Begin PBXGroup section */
		A4580E8E1FEAE30100D97741 = {
			isa = PBXGroup;
			children = (
				A4580E991FEAE30100D97741 /* Emoji Dictonary */,
				A4580E981FEAE30100D97741 /* Products */,
			);
			sourceTree = "<group>";
		};
		A4580E981FEAE30100D97741 /* Products */ = {
			isa = PBXGroup;
			children = (
				A4580E971FEAE30100D97741 /* Emoji Dictonary.app */,
			);
			name = Products;
			sourceTree = "<group>";
		};
		A4580E991FEAE30100D97741 /* Emoji Dictonary */ = {
			isa = PBXGroup;
			children = (
				A4580E9A1FEAE30100D97741 /* AppDelegate.swift */,
				A4580E9C1FEAE30100D97741 /* ViewController.swift */,
				A4580E9E1FEAE30100D97741 /* Main.storyboard */,
				A4580EA11FEAE30100D97741 /* Assets.xcassets */,
				A4580EA31FEAE30100D97741 /* LaunchScreen.storyboard */,
				A4580EA61FEAE30100D97741 /* Info.plist */,
			);
			path = "Emoji Dictonary";
			sourceTree = "<group>";
		};
/* End PBXGroup section */

/* Begin PBXNativeTarget section */
		A4580E961FEAE30100D97741 /* Emoji Dictonary */ = {
			isa = PBXNativeTarget;
			buildConfigurationList = A4580EA91FEAE30100D97741 /* Build configuration list for PBXNativeTarget "Emoji Dictonary" */;
			buildPhases = (
				A4580E931FEAE30100D97741 /* Sources */,
				A4580E941FEAE30100D97741 /* Frameworks */,
				A4580E951FEAE30100D97741 /* Resources */,
			);
			buildRules = (
			);
			dependencies = (
			);
			name = "Emoji Dictonary";
			productName = "Emoji Dictonary";
			productReference = A4580E971FEAE30100D97741 /* Emoji Dictonary.app */;
			productType = "com.apple.product-type.application";
		};
/* End PBXNativeTarget section */

/* Begin PBXProject section */
		A4580E8F1FEAE30100D97741 /* Project object */ = {
			isa = PBXProject;
			attributes = {
				LastSwiftUpdateCheck = 0920;
				LastUpgradeCheck = 0920;
				ORGANIZATIONNAME = "Morgan Gardiner";
				TargetAttributes = {
					A4580E961FEAE30100D97741 = {
						CreatedOnToolsVersion = 9.2;
						ProvisioningStyle = Automatic;
					};
				};
			};
			buildConfigurationList = A4580E921FEAE30100D97741 /* Build configuration list for PBXProject "Emoji Dictonary" */;
			compatibilityVersion = "Xcode 8.0";
			developmentRegion = en;
			hasScannedForEncodings = 0;
			knownRegions = (
				en,
				Base,
			);
			mainGroup = A4580E8E1FEAE30100D97741;
			productRefGroup = A4580E981FEAE30100D97741 /* Products */;
			projectDirPath = "";
			projectRoot = "";
			targets = (
				A4580E961FEAE30100D97741 /* Emoji Dictonary */,
			);
		};
/* End PBXProject section */

/* Begin PBXResourcesBuildPhase section */
		A4580E951FEAE30100D97741 /* Resources */ = {
			isa = PBXResourcesBuildPhase;
			buildActionMask = 2147483647;
			files = (
				A4580EA51FEAE30100D97741 /* LaunchScreen.storyboard in Resources */,
				A4580EA21FEAE30100D97741 /* Assets.xcassets in Resources */,
				A4580EA01FEAE30100D97741 /* Main.storyboard in Resources */,
			);
			runOnlyForDeploymentPostprocessing = 0;
		};
/* End PBXResourcesBuildPhase section */

/* Begin PBXSourcesBuildPhase section */
		A4580E931FEAE30100D97741 /* Sources */ = {
			isa = PBXSourcesBuildPhase;
			buildActionMask = 2147483647;
			files = (
				A4580E9D1FEAE30100D97741 /* ViewController.swift in Sources */,
				A4580E9B1FEAE30100D97741 /* AppDelegate.swift in Sources */,
			);
			runOnlyForDeploymentPostprocessing = 0;
		};
/* End PBXSourcesBuildPhase section */

/* Begin PBXVariantGroup section */
		A4580E9E1FEAE30100D97741 /* Main.storyboard */ = {
			isa = PBXVariantGroup;
			children = (
				A4580E9F1FEAE30100D97741 /* Base */,
			);
			name = Main.storyboard;
			sourceTree = "<group>";
		};
		A4580EA31FEAE30100D97741 /* LaunchScreen.storyboard */ = {
			isa = PBXVariantGroup;
			children = (
				A4580EA41FEAE30100D97741 /* Base */,
			);
			name = LaunchScreen.storyboard;
			sourceTree = "<group>";
		};
/* End PBXVariantGroup section */

/* Begin XCBuildConfiguration section */
		A4580EA71FEAE30100D97741 /* Debug */ = {
			isa = XCBuildConfiguration;
			buildSettings = {
				ALWAYS_SEARCH_USER_PATHS = NO;
				CLANG_ANALYZER_NONNULL = YES;
				CLANG_ANALYZER_NUMBER_OBJECT_CONVERSION = YES_AGGRESSIVE;
				CLANG_CXX_LANGUAGE_STANDARD = "gnu++14";
				CLANG_CXX_LIBRARY = "libc++";
				CLANG_ENABLE_MODULES = YES;
				CLANG_ENABLE_OBJC_ARC = YES;
				CLANG_WARN_BLOCK_CAPTURE_AUTORELEASING = YES;
				CLANG_WARN_BOOL_CONVERSION = YES;
				CLANG_WARN_COMMA = YES;
				CLANG_WARN_CONSTANT_CONVERSION = YES;
				CLANG_WARN_DIRECT_OBJC_ISA_USAGE = YES_ERROR;
				CLANG_WARN_DOCUMENTATION_COMMENTS = YES;
				CLANG_WARN_EMPTY_BODY = YES;
				CLANG_WARN_ENUM_CONVERSION = YES;
				CLANG_WARN_INFINITE_RECURSION = YES;
				CLANG_WARN_INT_CONVERSION = YES;
				CLANG_WARN_NON_LITERAL_NULL_CONVERSION = YES;
				CLANG_WARN_OBJC_LITERAL_CONVERSION = YES;
				CLANG_WARN_OBJC_ROOT_CLASS = YES_ERROR;
				CLANG_WARN_RANGE_LOOP_ANALYSIS = YES;
				CLANG_WARN_STRICT_PROTOTYPES = YES;
				CLANG_WARN_SUSPICIOUS_MOVE = YES;
				CLANG_WARN_UNGUARDED_AVAILABILITY = YES_AGGRESSIVE;
				CLANG_WARN_UNREACHABLE_CODE = YES;
				CLANG_WARN__DUPLICATE_METHOD_MATCH = YES;
				CODE_SIGN_IDENTITY = "iPhone Developer";
				COPY_PHASE_STRIP = NO;
				DEBUG_INFORMATION_FORMAT = dwarf;
				ENABLE_STRICT_OBJC_MSGSEND = YES;
				ENABLE_TESTABILITY = YES;
				GCC_C_LANGUAGE_STANDARD = gnu11;
				GCC_DYNAMIC_NO_PIC = NO;
				GCC_NO_COMMON_BLOCKS = YES;
				GCC_OPTIMIZATION_LEVEL = 0;
				GCC_PREPROCESSOR_DEFINITIONS = (
					"DEBUG=1",
					"$(inherited)",
				);
				GCC_WARN_64_TO_32_BIT_CONVERSION = YES;
				GCC_WARN_ABOUT_RETURN_TYPE = YES_ERROR;
				GCC_WARN_UNDECLARED_SELECTOR = YES;
				GCC_WARN_UNINITIALIZED_AUTOS = YES_AGGRESSIVE;
				GCC_WARN_UNUSED_FUNCTION = YES;
				GCC_WARN_UNUSED_VARIABLE = YES;
				IPHONEOS_DEPLOYMENT_TARGET = 11.2;
				MTL_ENABLE_DEBUG_INFO = YES;
				ONLY_ACTIVE_ARCH = YES;
				SDKROOT = iphoneos;
				SWIFT_ACTIVE_COMPILATION_CONDITIONS = DEBUG;
				SWIFT_OPTIMIZATION_LEVEL = "-Onone";
			};
			name = Debug;
		};
		A4580EA81FEAE30100D97741 /* Release */ = {
			isa = XCBuildConfiguration;
			buildSettings = {
				ALWAYS_SEARCH_USER_PATHS = NO;
				CLANG_ANALYZER_NONNULL = YES;
				CLANG_ANALYZER_NUMBER_OBJECT_CONVERSION = YES_AGGRESSIVE;
				CLANG_CXX_LANGUAGE_STANDARD = "gnu++14";
				CLANG_CXX_LIBRARY = "libc++";
				CLANG_ENABLE_MODULES = YES;
				CLANG_ENABLE_OBJC_ARC = YES;
				CLANG_WARN_BLOCK_CAPTURE_AUTORELEASING = YES;
				CLANG_WARN_BOOL_CONVERSION = YES;
				CLANG_WARN_COMMA = YES;
				CLANG_WARN_CONSTANT_CONVERSION = YES;
				CLANG_WARN_DIRECT_OBJC_ISA_USAGE = YES_ERROR;
				CLANG_WARN_DOCUMENTATION_COMMENTS = YES;
				CLANG_WARN_EMPTY_BODY = YES;
				CLANG_WARN_ENUM_CONVERSION = YES;
				CLANG_WARN_INFINITE_RECURSION = YES;
				CLANG_WARN_INT_CONVERSION = YES;
				CLANG_WARN_NON_LITERAL_NULL_CONVERSION = YES;
				CLANG_WARN_OBJC_LITERAL_CONVERSION = YES;
				CLANG_WARN_OBJC_ROOT_CLASS = YES_ERROR;
				CLANG_WARN_RANGE_LOOP_ANALYSIS = YES;
				CLANG_WARN_STRICT_PROTOTYPES = YES;
				CLANG_WARN_SUSPICIOUS_MOVE = YES;
				CLANG_WARN_UNGUARDED_AVAILABILITY = YES_AGGRESSIVE;
				CLANG_WARN_UNREACHABLE_CODE = YES;
				CLANG_WARN__DUPLICATE_METHOD_MATCH = YES;
				CODE_SIGN_IDENTITY = "iPhone Developer";
				COPY_PHASE_STRIP = NO;
				DEBUG_INFORMATION_FORMAT = "dwarf-with-dsym";
				ENABLE_NS_ASSERTIONS = NO;
				ENABLE_STRICT_OBJC_MSGSEND = YES;
				GCC_C_LANGUAGE_STANDARD = gnu11;
				GCC_NO_COMMON_BLOCKS = YES;
				GCC_WARN_64_TO_32_BIT_CONVERSION = YES;
				GCC_WARN_ABOUT_RETURN_TYPE = YES_ERROR;
				GCC_WARN_UNDECLARED_SELECTOR = YES;
				GCC_WARN_UNINITIALIZED_AUTOS = YES_AGGRESSIVE;
				GCC_WARN_UNUSED_FUNCTION = YES;
				GCC_WARN_UNUSED_VARIABLE = YES;
				IPHONEOS_DEPLOYMENT_TARGET = 11.2;
				MTL_ENABLE_DEBUG_INFO = NO;
				SDKROOT = iphoneos;
				SWIFT_OPTIMIZATION_LEVEL = "-Owholemodule";
				VALIDATE_PRODUCT = YES;
			};
			name = Release;
		};
		A4580EAA1FEAE30100D97741 /* Debug */ = {
			isa = XCBuildConfiguration;
			buildSettings = {
				ASSETCATALOG_COMPILER_APPICON_NAME = AppIcon;
				CODE_SIGN_STYLE = Automatic;
				DEVELOPMENT_TEAM = F642CTS24W;
				INFOPLIST_FILE = "Emoji Dictonary/Info.plist";
				LD_RUNPATH_SEARCH_PATHS = "$(inherited) @executable_path/Frameworks";
				PRODUCT_BUNDLE_IDENTIFIER = "org.morgan.Emoji-Dictonary";
				PRODUCT_NAME = "$(TARGET_NAME)";
				SWIFT_VERSION = 4.0;
				TARGETED_DEVICE_FAMILY = "1,2";
			};
			name = Debug;
		};
		A4580EAB1FEAE30100D97741 /* Release */ = {
			isa = XCBuildConfiguration;
			buildSettings = {
				ASSETCATALOG_COMPILER_APPICON_NAME = AppIcon;
				CODE_SIGN_STYLE = Automatic;
				DEVELOPMENT_TEAM = F642CTS24W;
				INFOPLIST_FILE = "Emoji Dictonary/Info.plist";
				LD_RUNPATH_SEARCH_PATHS = "$(inherited) @executable_path/Frameworks";
				PRODUCT_BUNDLE_IDENTIFIER = "org.morgan.Emoji-Dictonary";
				PRODUCT_NAME = "$(TARGET_NAME)";
				SWIFT_VERSION = 4.0;
				TARGETED_DEVICE_FAMILY = "1,2";
			};
			name = Release;
		};
/* End XCBuildConfiguration section */

/* Begin XCConfigurationList section */
		A4580E921FEAE30100D97741 /* Build configuration list for PBXProject "Emoji Dictonary" */ = {
			isa = XCConfigurationList;
			buildConfigurations = (
				A4580EA71FEAE30100D97741 /* Debug */,
				A4580EA81FEAE30100D97741 /* Release */,
			);
			defaultConfigurationIsVisible = 0;
			defaultConfigurationName = Release;
		};
		A4580EA91FEAE30100D97741 /* Build configuration list for PBXNativeTarget "Emoji Dictonary" */ = {
			isa = XCConfigurationList;
			buildConfigurations = (
				A4580EAA1FEAE30100D97741 /* Debug */,
				A4580EAB1FEAE30100D97741 /* Release */,
			);
			defaultConfigurationIsVisible = 0;
			defaultConfigurationName = Release;
		};
/* End XCConfigurationList section */
	};
	rootObject = A4580E8F1FEAE30100D97741 /* Project object */;
}
